
Microsoft Visual Studio Solution File, Format Version 12.00
# Visual Studio 15
VisualStudioVersion = 15.0.28307.572
MinimumVisualStudioVersion = 10.0.40219.1
Project("{FAE04EC0-301F-11D3-BF4B-00C04F79EFBC}") = "XMLinfoPrac", "XMLinfoPrac\XMLinfoPrac.csproj", "{2169E129-8513-4BE8-8A61-0BB595D3B3D6}"
EndProject
Global
	GlobalSection(SolutionConfigurationPlatforms) = preSolution
		Debug|Any CPU = Debug|Any CPU
		Release|Any CPU = Release|Any CPU
	EndGlobalSection
	GlobalSection(ProjectConfigurationPlatforms) = postSolution
		{2169E129-8513-4BE8-8A61-0BB595D3B3D6}.Debug|Any CPU.ActiveCfg = Debug|Any CPU
		{2169E129-8513-4BE8-8A61-0BB595D3B3D6}.Debug|Any CPU.Build.0 = Debug|Any CPU
		{2169E129-8513-4BE8-8A61-0BB595D3B3D6}.Release|Any CPU.ActiveCfg = Release|Any CPU
		{2169E129-8513-4BE8-8A61-0BB595D3B3D6}.Release|Any CPU.Build.0 = Release|Any CPU
	EndGlobalSection
	GlobalSection(SolutionProperties) = preSolution
		HideSolutionNode = FALSE
	EndGlobalSection
	GlobalSection(ExtensibilityGlobals) = postSolution
		SolutionGuid = {9B0E752D-F3D3-478B-B467-5E862878240F}
	EndGlobalSection
EndGlobal
